
Microsoft Visual Studio Solution File, Format Version 12.00
# Visual Studio Version 17
VisualStudioVersion = 17.7.34009.444
MinimumVisualStudioVersion = 10.0.40219.1
Project("{FAE04EC0-301F-11D3-BF4B-00C04F79EFBC}") = "FacadeHotelConsole", "FacadeHotelConsole\FacadeHotelConsole.csproj", "{866A81BE-414F-4EB8-BE0B-7CB7EA68604B}"
EndProject
Global
	GlobalSection(SolutionConfigurationPlatforms) = preSolution
		Debug|Any CPU = Debug|Any CPU
		Release|Any CPU = Release|Any CPU
	EndGlobalSection
	GlobalSection(ProjectConfigurationPlatforms) = postSolution
		{866A81BE-414F-4EB8-BE0B-7CB7EA68604B}.Debug|Any CPU.ActiveCfg = Debug|Any CPU
		{866A81BE-414F-4EB8-BE0B-7CB7EA68604B}.Debug|Any CPU.Build.0 = Debug|Any CPU
		{866A81BE-414F-4EB8-BE0B-7CB7EA68604B}.Release|Any CPU.ActiveCfg = Release|Any CPU
		{866A81BE-414F-4EB8-BE0B-7CB7EA68604B}.Release|Any CPU.Build.0 = Release|Any CPU
	EndGlobalSection
	GlobalSection(SolutionProperties) = preSolution
		HideSolutionNode = FALSE
	EndGlobalSection
	GlobalSection(ExtensibilityGlobals) = postSolution
		SolutionGuid = {1623B541-044B-4DB7-9086-BE0FE7489FBC}
	EndGlobalSection
EndGlobal
